// !$*UTF8*$!
{
	archiveVersion = 1;
	classes = {
	};
	objectVersion = 56;
	objects = {

/* Begin PBXBuildFile section */
		FB8B81D52DD7A0C900D9145C /* dog_iosApp.swift in Sources */ = {isa = PBXBuildFile; fileRef = FB8B81D42DD7A0C900D9145C /* dog_iosApp.swift */; };
		FB8B81D72DD7A0C900D9145C /* ContentView.swift in Sources */ = {isa = PBXBuildFile; fileRef = FB8B81D62DD7A0C900D9145C /* ContentView.swift */; };
		FB8B81D92DD7A0CA00D9145C /* Assets.xcassets in Resources */ = {isa = PBXBuildFile; fileRef = FB8B81D82DD7A0CA00D9145C /* Assets.xcassets */; };
		FB8B81DC2DD7A0CA00D9145C /* Preview Assets.xcassets in Resources */ = {isa = PBXBuildFile; fileRef = FB8B81DB2DD7A0CA00D9145C /* Preview Assets.xcassets */; };
		FB8B820E2DD7A1AF00D9145C /* ancestro.swift in Sources */ = {isa = PBXBuildFile; fileRef = FB8B81FA2DD7A1AF00D9145C /* ancestro.swift */; };
		FB8B820F2DD7A1AF00D9145C /* canino.swift in Sources */ = {isa = PBXBuildFile; fileRef = FB8B81FB2DD7A1AF00D9145C /* canino.swift */; };
		FB8B821F2DD7A2F300D9145C /* RedesSocialesApp.swift in Sources */ = {isa = PBXBuildFile; fileRef = FB8B82102DD7A2F300D9145C /* RedesSocialesApp.swift */; };
		FB8B82202DD7A2F300D9145C /* PantallaPersonajes.swift in Sources */ = {isa = PBXBuildFile; fileRef = FB8B82112DD7A2F300D9145C /* PantallaPersonajes.swift */; };
		FB8B82212DD7A2F300D9145C /* menu_aplicacion.swift in Sources */ = {isa = PBXBuildFile; fileRef = FB8B82132DD7A2F300D9145C /* menu_aplicacion.swift */; };
		FB8B82222DD7A2F300D9145C /* perfil_vista_basica.swift in Sources */ = {isa = PBXBuildFile; fileRef = FB8B82152DD7A2F300D9145C /* perfil_vista_basica.swift */; };
		FB8B82232DD7A2F300D9145C /* publicacion.swift in Sources */ = {isa = PBXBuildFile; fileRef = FB8B82172DD7A2F300D9145C /* publicacion.swift */; };
		FB8B82242DD7A2F300D9145C /* publicaciones_generales.swift in Sources */ = {isa = PBXBuildFile; fileRef = FB8B82182DD7A2F300D9145C /* publicaciones_generales.swift */; };
		FB8B82252DD7A2F300D9145C /* dragonball_api.swift in Sources */ = {isa = PBXBuildFile; fileRef = FB8B821B2DD7A2F300D9145C /* dragonball_api.swift */; };
		FB8B82262DD7A2F300D9145C /* erroes.swift in Sources */ = {isa = PBXBuildFile; fileRef = FB8B821C2DD7A2F300D9145C /* erroes.swift */; };
		FB8B82272DD7A2F300D9145C /* placeholder.swift in Sources */ = {isa = PBXBuildFile; fileRef = FB8B821D2DD7A2F300D9145C /* placeholder.swift */; };
		FB8B822E2DD7A34200D9145C /* pagina_resultados.swift in Sources */ = {isa = PBXBuildFile; fileRef = FB8B82282DD7A34200D9145C /* pagina_resultados.swift */; };
		FB8B822F2DD7A34200D9145C /* mono_chino.swift in Sources */ = {isa = PBXBuildFile; fileRef = FB8B822A2DD7A34200D9145C /* mono_chino.swift */; };
		FB8B82302DD7A34200D9145C /* planeta.swift in Sources */ = {isa = PBXBuildFile; fileRef = FB8B822B2DD7A34200D9145C /* planeta.swift */; };
		FB8B82312DD7A34200D9145C /* transformacion.swift in Sources */ = {isa = PBXBuildFile; fileRef = FB8B822C2DD7A34200D9145C /* transformacion.swift */; };
		FB8B82352DD7A36300D9145C /* perfil.swift in Sources */ = {isa = PBXBuildFile; fileRef = FB8B82322DD7A36300D9145C /* perfil.swift */; };
		FB8B82362DD7A36300D9145C /* Publicacion.swift in Sources */ = {isa = PBXBuildFile; fileRef = FB8B82332DD7A36300D9145C /* Publicacion.swift */; };
		FB8B82372DD7A36300D9145C /* comentario.swift in Sources */ = {isa = PBXBuildFile; fileRef = FB8B82342DD7A36300D9145C /* comentario.swift */; };
/* End PBXBuildFile section */

/* Begin PBXFileReference section */
		FB8B81D12DD7A0C900D9145C /* dog_ios.app */ = {isa = PBXFileReference; explicitFileType = wrapper.application; includeInIndex = 0; path = dog_ios.app; sourceTree = BUILT_PRODUCTS_DIR; };
		FB8B81D42DD7A0C900D9145C /* dog_iosApp.swift */ = {isa = PBXFileReference; lastKnownFileType = sourcecode.swift; path = dog_iosApp.swift; sourceTree = "<group>"; };
		FB8B81D62DD7A0C900D9145C /* ContentView.swift */ = {isa = PBXFileReference; lastKnownFileType = sourcecode.swift; path = ContentView.swift; sourceTree = "<group>"; };
		FB8B81D82DD7A0CA00D9145C /* Assets.xcassets */ = {isa = PBXFileReference; lastKnownFileType = folder.assetcatalog; path = Assets.xcassets; sourceTree = "<group>"; };
		FB8B81DB2DD7A0CA00D9145C /* Preview Assets.xcassets */ = {isa = PBXFileReference; lastKnownFileType = folder.assetcatalog; path = "Preview Assets.xcassets"; sourceTree = "<group>"; };
		FB8B81FA2DD7A1AF00D9145C /* ancestro.swift */ = {isa = PBXFileReference; fileEncoding = 4; lastKnownFileType = sourcecode.swift; path = ancestro.swift; sourceTree = "<group>"; };
		FB8B81FB2DD7A1AF00D9145C /* canino.swift */ = {isa = PBXFileReference; fileEncoding = 4; lastKnownFileType = sourcecode.swift; path = canino.swift; sourceTree = "<group>"; };
		FB8B82102DD7A2F300D9145C /* RedesSocialesApp.swift */ = {isa = PBXFileReference; fileEncoding = 4; lastKnownFileType = sourcecode.swift; path = RedesSocialesApp.swift; sourceTree = "<group>"; };
		FB8B82112DD7A2F300D9145C /* PantallaPersonajes.swift */ = {isa = PBXFileReference; fileEncoding = 4; lastKnownFileType = sourcecode.swift; path = PantallaPersonajes.swift; sourceTree = "<group>"; };
		FB8B82132DD7A2F300D9145C /* menu_aplicacion.swift */ = {isa = PBXFileReference; fileEncoding = 4; lastKnownFileType = sourcecode.swift; path = menu_aplicacion.swift; sourceTree = "<group>"; };
		FB8B82152DD7A2F300D9145C /* perfil_vista_basica.swift */ = {isa = PBXFileReference; fileEncoding = 4; lastKnownFileType = sourcecode.swift; path = perfil_vista_basica.swift; sourceTree = "<group>"; };
		FB8B82172DD7A2F300D9145C /* publicacion.swift */ = {isa = PBXFileReference; fileEncoding = 4; lastKnownFileType = sourcecode.swift; path = publicacion.swift; sourceTree = "<group>"; };
		FB8B82182DD7A2F300D9145C /* publicaciones_generales.swift */ = {isa = PBXFileReference; fileEncoding = 4; lastKnownFileType = sourcecode.swift; path = publicaciones_generales.swift; sourceTree = "<group>"; };
		FB8B821B2DD7A2F300D9145C /* dragonball_api.swift */ = {isa = PBXFileReference; fileEncoding = 4; lastKnownFileType = sourcecode.swift; path = dragonball_api.swift; sourceTree = "<group>"; };
		FB8B821C2DD7A2F300D9145C /* erroes.swift */ = {isa = PBXFileReference; fileEncoding = 4; lastKnownFileType = sourcecode.swift; path = erroes.swift; sourceTree = "<group>"; };
		FB8B821D2DD7A2F300D9145C /* placeholder.swift */ = {isa = PBXFileReference; fileEncoding = 4; lastKnownFileType = sourcecode.swift; path = placeholder.swift; sourceTree = "<group>"; };
		FB8B82282DD7A34200D9145C /* pagina_resultados.swift */ = {isa = PBXFileReference; fileEncoding = 4; lastKnownFileType = sourcecode.swift; path = pagina_resultados.swift; sourceTree = "<group>"; };
		FB8B822A2DD7A34200D9145C /* mono_chino.swift */ = {isa = PBXFileReference; fileEncoding = 4; lastKnownFileType = sourcecode.swift; path = mono_chino.swift; sourceTree = "<group>"; };
		FB8B822B2DD7A34200D9145C /* planeta.swift */ = {isa = PBXFileReference; fileEncoding = 4; lastKnownFileType = sourcecode.swift; path = planeta.swift; sourceTree = "<group>"; };
		FB8B822C2DD7A34200D9145C /* transformacion.swift */ = {isa = PBXFileReference; fileEncoding = 4; lastKnownFileType = sourcecode.swift; path = transformacion.swift; sourceTree = "<group>"; };
		FB8B82322DD7A36300D9145C /* perfil.swift */ = {isa = PBXFileReference; fileEncoding = 4; lastKnownFileType = sourcecode.swift; path = perfil.swift; sourceTree = "<group>"; };
		FB8B82332DD7A36300D9145C /* Publicacion.swift */ = {isa = PBXFileReference; fileEncoding = 4; lastKnownFileType = sourcecode.swift; path = Publicacion.swift; sourceTree = "<group>"; };
		FB8B82342DD7A36300D9145C /* comentario.swift */ = {isa = PBXFileReference; fileEncoding = 4; lastKnownFileType = sourcecode.swift; path = comentario.swift; sourceTree = "<group>"; };
/* End PBXFileReference section */

/* Begin PBXFrameworksBuildPhase section */
		FB8B81CE2DD7A0C900D9145C /* Frameworks */ = {
			isa = PBXFrameworksBuildPhase;
			buildActionMask = 2147483647;
			files = (
			);
			runOnlyForDeploymentPostprocessing = 0;
		};
/* End PBXFrameworksBuildPhase section */

/* Begin PBXGroup section */
		FB8B81C82DD7A0C900D9145C = {
			isa = PBXGroup;
			children = (
				FB8B81D32DD7A0C900D9145C /* dog_ios */,
				FB8B81D22DD7A0C900D9145C /* Products */,
			);
			sourceTree = "<group>";
		};
		FB8B81D22DD7A0C900D9145C /* Products */ = {
			isa = PBXGroup;
			children = (
				FB8B81D12DD7A0C900D9145C /* dog_ios.app */,
			);
			name = Products;
			sourceTree = "<group>";
		};
		FB8B81D32DD7A0C900D9145C /* dog_ios */ = {
			isa = PBXGroup;
			children = (
				FB8B81D42DD7A0C900D9145C /* dog_iosApp.swift */,
				FB8B81D62DD7A0C900D9145C /* ContentView.swift */,
				FB8B81D82DD7A0CA00D9145C /* Assets.xcassets */,
				FB8B81DA2DD7A0CA00D9145C /* Preview Content */,
				FB8B81FC2DD7A1AF00D9145C /* modelos */,
				FB8B821E2DD7A2F300D9145C /* servicios_api */,
				FB8B821A2DD7A2F300D9145C /* ui */,
				FB8B82102DD7A2F300D9145C /* RedesSocialesApp.swift */,
			);
			path = dog_ios;
			sourceTree = "<group>";
		};
		FB8B81DA2DD7A0CA00D9145C /* Preview Content */ = {
			isa = PBXGroup;
			children = (
				FB8B81DB2DD7A0CA00D9145C /* Preview Assets.xcassets */,
			);
			path = "Preview Content";
			sourceTree = "<group>";
		};
		FB8B81FC2DD7A1AF00D9145C /* modelos */ = {
			isa = PBXGroup;
			children = (
				FB8B822D2DD7A34200D9145C /* dragon_ball */,
				FB8B82342DD7A36300D9145C /* comentario.swift */,
				FB8B82322DD7A36300D9145C /* perfil.swift */,
				FB8B82332DD7A36300D9145C /* Publicacion.swift */,
			);
			path = modelos;
			sourceTree = "<group>";
		};
		FB8B82122DD7A2F300D9145C /* dragon_ball */ = {
			isa = PBXGroup;
			children = (
				FB8B82112DD7A2F300D9145C /* PantallaPersonajes.swift */,
			);
			path = dragon_ball;
			sourceTree = "<group>";
		};
		FB8B82142DD7A2F300D9145C /* menu_inicial */ = {
			isa = PBXGroup;
			children = (
				FB8B82132DD7A2F300D9145C /* menu_aplicacion.swift */,
			);
			path = menu_inicial;
			sourceTree = "<group>";
		};
		FB8B82162DD7A2F300D9145C /* perfil_basico */ = {
			isa = PBXGroup;
			children = (
				FB8B82152DD7A2F300D9145C /* perfil_vista_basica.swift */,
			);
			path = perfil_basico;
			sourceTree = "<group>";
		};
		FB8B82192DD7A2F300D9145C /* publicacion */ = {
			isa = PBXGroup;
			children = (
				FB8B82172DD7A2F300D9145C /* publicacion.swift */,
				FB8B82182DD7A2F300D9145C /* publicaciones_generales.swift */,
			);
			path = publicacion;
			sourceTree = "<group>";
		};
		FB8B821A2DD7A2F300D9145C /* ui */ = {
			isa = PBXGroup;
			children = (
				FB8B82122DD7A2F300D9145C /* dragon_ball */,
				FB8B82142DD7A2F300D9145C /* menu_inicial */,
				FB8B82162DD7A2F300D9145C /* perfil_basico */,
				FB8B82192DD7A2F300D9145C /* publicacion */,
			);
			path = ui;
			sourceTree = "<group>";
		};
		FB8B821E2DD7A2F300D9145C /* servicios_api */ = {
			isa = PBXGroup;
			children = (
				FB8B821B2DD7A2F300D9145C /* dragonball_api.swift */,
				FB8B821C2DD7A2F300D9145C /* erroes.swift */,
				FB8B821D2DD7A2F300D9145C /* placeholder.swift */,
			);
			path = servicios_api;
			sourceTree = "<group>";
		};
		FB8B82292DD7A34200D9145C /* soporte */ = {
			isa = PBXGroup;
			children = (
				FB8B82282DD7A34200D9145C /* pagina_resultados.swift */,
			);
			path = soporte;
			sourceTree = "<group>";
		};
		FB8B822D2DD7A34200D9145C /* dragon_ball */ = {
			isa = PBXGroup;
			children = (
				FB8B82292DD7A34200D9145C /* soporte */,
				FB8B81FA2DD7A1AF00D9145C /* ancestro.swift */,
				FB8B822A2DD7A34200D9145C /* mono_chino.swift */,
				FB8B81FB2DD7A1AF00D9145C /* canino.swift */,
				FB8B822B2DD7A34200D9145C /* planeta.swift */,
				FB8B822C2DD7A34200D9145C /* transformacion.swift */,
			);
			path = dragon_ball;
			sourceTree = "<group>";
		};
/* End PBXGroup section */

/* Begin PBXNativeTarget section */
		FB8B81D02DD7A0C900D9145C /* dog_ios */ = {
			isa = PBXNativeTarget;
			buildConfigurationList = FB8B81DF2DD7A0CA00D9145C /* Build configuration list for PBXNativeTarget "dog_ios" */;
			buildPhases = (
				FB8B81CD2DD7A0C900D9145C /* Sources */,
				FB8B81CE2DD7A0C900D9145C /* Frameworks */,
				FB8B81CF2DD7A0C900D9145C /* Resources */,
			);
			buildRules = (
			);
			dependencies = (
			);
			name = dog_ios;
			productName = dog_ios;
			productReference = FB8B81D12DD7A0C900D9145C /* dog_ios.app */;
			productType = "com.apple.product-type.application";
		};
/* End PBXNativeTarget section */

/* Begin PBXProject section */
		FB8B81C92DD7A0C900D9145C /* Project object */ = {
			isa = PBXProject;
			attributes = {
				BuildIndependentTargetsInParallel = 1;
				LastSwiftUpdateCheck = 1540;
				LastUpgradeCheck = 1540;
				TargetAttributes = {
					FB8B81D02DD7A0C900D9145C = {
						CreatedOnToolsVersion = 15.4;
					};
				};
			};
			buildConfigurationList = FB8B81CC2DD7A0C900D9145C /* Build configuration list for PBXProject "dog_ios" */;
			compatibilityVersion = "Xcode 14.0";
			developmentRegion = en;
			hasScannedForEncodings = 0;
			knownRegions = (
				en,
				Base,
			);
			mainGroup = FB8B81C82DD7A0C900D9145C;
			productRefGroup = FB8B81D22DD7A0C900D9145C /* Products */;
			projectDirPath = "";
			projectRoot = "";
			targets = (
				FB8B81D02DD7A0C900D9145C /* dog_ios */,
			);
		};
/* End PBXProject section */

/* Begin PBXResourcesBuildPhase section */
		FB8B81CF2DD7A0C900D9145C /* Resources */ = {
			isa = PBXResourcesBuildPhase;
			buildActionMask = 2147483647;
			files = (
				FB8B81DC2DD7A0CA00D9145C /* Preview Assets.xcassets in Resources */,
				FB8B81D92DD7A0CA00D9145C /* Assets.xcassets in Resources */,
			);
			runOnlyForDeploymentPostprocessing = 0;
		};
/* End PBXResourcesBuildPhase section */

/* Begin PBXSourcesBuildPhase section */
		FB8B81CD2DD7A0C900D9145C /* Sources */ = {
			isa = PBXSourcesBuildPhase;
			buildActionMask = 2147483647;
			files = (
				FB8B82312DD7A34200D9145C /* transformacion.swift in Sources */,
				FB8B82202DD7A2F300D9145C /* PantallaPersonajes.swift in Sources */,
				FB8B822F2DD7A34200D9145C /* mono_chino.swift in Sources */,
				FB8B821F2DD7A2F300D9145C /* RedesSocialesApp.swift in Sources */,
				FB8B82372DD7A36300D9145C /* comentario.swift in Sources */,
				FB8B81D72DD7A0C900D9145C /* ContentView.swift in Sources */,
				FB8B82262DD7A2F300D9145C /* erroes.swift in Sources */,
				FB8B82212DD7A2F300D9145C /* menu_aplicacion.swift in Sources */,
				FB8B82352DD7A36300D9145C /* perfil.swift in Sources */,
				FB8B822E2DD7A34200D9145C /* pagina_resultados.swift in Sources */,
				FB8B82232DD7A2F300D9145C /* publicacion.swift in Sources */,
				FB8B82272DD7A2F300D9145C /* placeholder.swift in Sources */,
				FB8B81D52DD7A0C900D9145C /* dog_iosApp.swift in Sources */,
				FB8B82242DD7A2F300D9145C /* publicaciones_generales.swift in Sources */,
				FB8B820E2DD7A1AF00D9145C /* ancestro.swift in Sources */,
				FB8B82252DD7A2F300D9145C /* dragonball_api.swift in Sources */,
				FB8B82362DD7A36300D9145C /* Publicacion.swift in Sources */,
				FB8B82302DD7A34200D9145C /* planeta.swift in Sources */,
				FB8B82222DD7A2F300D9145C /* perfil_vista_basica.swift in Sources */,
				FB8B820F2DD7A1AF00D9145C /* canino.swift in Sources */,
			);
			runOnlyForDeploymentPostprocessing = 0;
		};
/* End PBXSourcesBuildPhase section */

/* Begin XCBuildConfiguration section */
		FB8B81DD2DD7A0CA00D9145C /* Debug */ = {
			isa = XCBuildConfiguration;
			buildSettings = {
				ALWAYS_SEARCH_USER_PATHS = NO;
				ASSETCATALOG_COMPILER_GENERATE_SWIFT_ASSET_SYMBOL_EXTENSIONS = YES;
				CLANG_ANALYZER_NONNULL = YES;
				CLANG_ANALYZER_NUMBER_OBJECT_CONVERSION = YES_AGGRESSIVE;
				CLANG_CXX_LANGUAGE_STANDARD = "gnu++20";
				CLANG_ENABLE_MODULES = YES;
				CLANG_ENABLE_OBJC_ARC = YES;
				CLANG_ENABLE_OBJC_WEAK = YES;
				CLANG_WARN_BLOCK_CAPTURE_AUTORELEASING = YES;
				CLANG_WARN_BOOL_CONVERSION = YES;
				CLANG_WARN_COMMA = YES;
				CLANG_WARN_CONSTANT_CONVERSION = YES;
				CLANG_WARN_DEPRECATED_OBJC_IMPLEMENTATIONS = YES;
				CLANG_WARN_DIRECT_OBJC_ISA_USAGE = YES_ERROR;
				CLANG_WARN_DOCUMENTATION_COMMENTS = YES;
				CLANG_WARN_EMPTY_BODY = YES;
				CLANG_WARN_ENUM_CONVERSION = YES;
				CLANG_WARN_INFINITE_RECURSION = YES;
				CLANG_WARN_INT_CONVERSION = YES;
				CLANG_WARN_NON_LITERAL_NULL_CONVERSION = YES;
				CLANG_WARN_OBJC_IMPLICIT_RETAIN_SELF = YES;
				CLANG_WARN_OBJC_LITERAL_CONVERSION = YES;
				CLANG_WARN_OBJC_ROOT_CLASS = YES_ERROR;
				CLANG_WARN_QUOTED_INCLUDE_IN_FRAMEWORK_HEADER = YES;
				CLANG_WARN_RANGE_LOOP_ANALYSIS = YES;
				CLANG_WARN_STRICT_PROTOTYPES = YES;
				CLANG_WARN_SUSPICIOUS_MOVE = YES;
				CLANG_WARN_UNGUARDED_AVAILABILITY = YES_AGGRESSIVE;
				CLANG_WARN_UNREACHABLE_CODE = YES;
				CLANG_WARN__DUPLICATE_METHOD_MATCH = YES;
				COPY_PHASE_STRIP = NO;
				DEBUG_INFORMATION_FORMAT = dwarf;
				ENABLE_STRICT_OBJC_MSGSEND = YES;
				ENABLE_TESTABILITY = YES;
				ENABLE_USER_SCRIPT_SANDBOXING = YES;
				GCC_C_LANGUAGE_STANDARD = gnu17;
				GCC_DYNAMIC_NO_PIC = NO;
				GCC_NO_COMMON_BLOCKS = YES;
				GCC_OPTIMIZATION_LEVEL = 0;
				GCC_PREPROCESSOR_DEFINITIONS = (
					"DEBUG=1",
					"$(inherited)",
				);
				GCC_WARN_64_TO_32_BIT_CONVERSION = YES;
				GCC_WARN_ABOUT_RETURN_TYPE = YES_ERROR;
				GCC_WARN_UNDECLARED_SELECTOR = YES;
				GCC_WARN_UNINITIALIZED_AUTOS = YES_AGGRESSIVE;
				GCC_WARN_UNUSED_FUNCTION = YES;
				GCC_WARN_UNUSED_VARIABLE = YES;
				IPHONEOS_DEPLOYMENT_TARGET = 17.5;
				LOCALIZATION_PREFERS_STRING_CATALOGS = YES;
				MTL_ENABLE_DEBUG_INFO = INCLUDE_SOURCE;
				MTL_FAST_MATH = YES;
				ONLY_ACTIVE_ARCH = YES;
				SDKROOT = iphoneos;
				SWIFT_ACTIVE_COMPILATION_CONDITIONS = "DEBUG $(inherited)";
				SWIFT_OPTIMIZATION_LEVEL = "-Onone";
			};
			name = Debug;
		};
		FB8B81DE2DD7A0CA00D9145C /* Release */ = {
			isa = XCBuildConfiguration;
			buildSettings = {
				ALWAYS_SEARCH_USER_PATHS = NO;
				ASSETCATALOG_COMPILER_GENERATE_SWIFT_ASSET_SYMBOL_EXTENSIONS = YES;
				CLANG_ANALYZER_NONNULL = YES;
				CLANG_ANALYZER_NUMBER_OBJECT_CONVERSION = YES_AGGRESSIVE;
				CLANG_CXX_LANGUAGE_STANDARD = "gnu++20";
				CLANG_ENABLE_MODULES = YES;
				CLANG_ENABLE_OBJC_ARC = YES;
				CLANG_ENABLE_OBJC_WEAK = YES;
				CLANG_WARN_BLOCK_CAPTURE_AUTORELEASING = YES;
				CLANG_WARN_BOOL_CONVERSION = YES;
				CLANG_WARN_COMMA = YES;
				CLANG_WARN_CONSTANT_CONVERSION = YES;
				CLANG_WARN_DEPRECATED_OBJC_IMPLEMENTATIONS = YES;
				CLANG_WARN_DIRECT_OBJC_ISA_USAGE = YES_ERROR;
				CLANG_WARN_DOCUMENTATION_COMMENTS = YES;
				CLANG_WARN_EMPTY_BODY = YES;
				CLANG_WARN_ENUM_CONVERSION = YES;
				CLANG_WARN_INFINITE_RECURSION = YES;
				CLANG_WARN_INT_CONVERSION = YES;
				CLANG_WARN_NON_LITERAL_NULL_CONVERSION = YES;
				CLANG_WARN_OBJC_IMPLICIT_RETAIN_SELF = YES;
				CLANG_WARN_OBJC_LITERAL_CONVERSION = YES;
				CLANG_WARN_OBJC_ROOT_CLASS = YES_ERROR;
				CLANG_WARN_QUOTED_INCLUDE_IN_FRAMEWORK_HEADER = YES;
				CLANG_WARN_RANGE_LOOP_ANALYSIS = YES;
				CLANG_WARN_STRICT_PROTOTYPES = YES;
				CLANG_WARN_SUSPICIOUS_MOVE = YES;
				CLANG_WARN_UNGUARDED_AVAILABILITY = YES_AGGRESSIVE;
				CLANG_WARN_UNREACHABLE_CODE = YES;
				CLANG_WARN__DUPLICATE_METHOD_MATCH = YES;
				COPY_PHASE_STRIP = NO;
				DEBUG_INFORMATION_FORMAT = "dwarf-with-dsym";
				ENABLE_NS_ASSERTIONS = NO;
				ENABLE_STRICT_OBJC_MSGSEND = YES;
				ENABLE_USER_SCRIPT_SANDBOXING = YES;
				GCC_C_LANGUAGE_STANDARD = gnu17;
				GCC_NO_COMMON_BLOCKS = YES;
				GCC_WARN_64_TO_32_BIT_CONVERSION = YES;
				GCC_WARN_ABOUT_RETURN_TYPE = YES_ERROR;
				GCC_WARN_UNDECLARED_SELECTOR = YES;
				GCC_WARN_UNINITIALIZED_AUTOS = YES_AGGRESSIVE;
				GCC_WARN_UNUSED_FUNCTION = YES;
				GCC_WARN_UNUSED_VARIABLE = YES;
				IPHONEOS_DEPLOYMENT_TARGET = 17.5;
				LOCALIZATION_PREFERS_STRING_CATALOGS = YES;
				MTL_ENABLE_DEBUG_INFO = NO;
				MTL_FAST_MATH = YES;
				SDKROOT = iphoneos;
				SWIFT_COMPILATION_MODE = wholemodule;
				VALIDATE_PRODUCT = YES;
			};
			name = Release;
		};
		FB8B81E02DD7A0CA00D9145C /* Debug */ = {
			isa = XCBuildConfiguration;
			buildSettings = {
				ASSETCATALOG_COMPILER_APPICON_NAME = AppIcon;
				ASSETCATALOG_COMPILER_GLOBAL_ACCENT_COLOR_NAME = AccentColor;
				CODE_SIGN_STYLE = Automatic;
				CURRENT_PROJECT_VERSION = 1;
				DEVELOPMENT_ASSET_PATHS = "\"dog_ios/Preview Content\"";
				ENABLE_PREVIEWS = YES;
				GENERATE_INFOPLIST_FILE = YES;
				INFOPLIST_KEY_UIApplicationSceneManifest_Generation = YES;
				INFOPLIST_KEY_UIApplicationSupportsIndirectInputEvents = YES;
				INFOPLIST_KEY_UILaunchScreen_Generation = YES;
				INFOPLIST_KEY_UISupportedInterfaceOrientations_iPad = "UIInterfaceOrientationPortrait UIInterfaceOrientationPortraitUpsideDown UIInterfaceOrientationLandscapeLeft UIInterfaceOrientationLandscapeRight";
				INFOPLIST_KEY_UISupportedInterfaceOrientations_iPhone = "UIInterfaceOrientationPortrait UIInterfaceOrientationLandscapeLeft UIInterfaceOrientationLandscapeRight";
				LD_RUNPATH_SEARCH_PATHS = (
					"$(inherited)",
					"@executable_path/Frameworks",
				);
				MARKETING_VERSION = 1.0;
				PRODUCT_BUNDLE_IDENTIFIER = "mx.alumnos.uacj.dog-ios";
				PRODUCT_NAME = "$(TARGET_NAME)";
				SWIFT_EMIT_LOC_STRINGS = YES;
				SWIFT_VERSION = 5.0;
				TARGETED_DEVICE_FAMILY = "1,2";
			};
			name = Debug;
		};
		FB8B81E12DD7A0CA00D9145C /* Release */ = {
			isa = XCBuildConfiguration;
			buildSettings = {
				ASSETCATALOG_COMPILER_APPICON_NAME = AppIcon;
				ASSETCATALOG_COMPILER_GLOBAL_ACCENT_COLOR_NAME = AccentColor;
				CODE_SIGN_STYLE = Automatic;
				CURRENT_PROJECT_VERSION = 1;
				DEVELOPMENT_ASSET_PATHS = "\"dog_ios/Preview Content\"";
				ENABLE_PREVIEWS = YES;
				GENERATE_INFOPLIST_FILE = YES;
				INFOPLIST_KEY_UIApplicationSceneManifest_Generation = YES;
				INFOPLIST_KEY_UIApplicationSupportsIndirectInputEvents = YES;
				INFOPLIST_KEY_UILaunchScreen_Generation = YES;
				INFOPLIST_KEY_UISupportedInterfaceOrientations_iPad = "UIInterfaceOrientationPortrait UIInterfaceOrientationPortraitUpsideDown UIInterfaceOrientationLandscapeLeft UIInterfaceOrientationLandscapeRight";
				INFOPLIST_KEY_UISupportedInterfaceOrientations_iPhone = "UIInterfaceOrientationPortrait UIInterfaceOrientationLandscapeLeft UIInterfaceOrientationLandscapeRight";
				LD_RUNPATH_SEARCH_PATHS = (
					"$(inherited)",
					"@executable_path/Frameworks",
				);
				MARKETING_VERSION = 1.0;
				PRODUCT_BUNDLE_IDENTIFIER = "mx.alumnos.uacj.dog-ios";
				PRODUCT_NAME = "$(TARGET_NAME)";
				SWIFT_EMIT_LOC_STRINGS = YES;
				SWIFT_VERSION = 5.0;
				TARGETED_DEVICE_FAMILY = "1,2";
			};
			name = Release;
		};
/* End XCBuildConfiguration section */

/* Begin XCConfigurationList section */
		FB8B81CC2DD7A0C900D9145C /* Build configuration list for PBXProject "dog_ios" */ = {
			isa = XCConfigurationList;
			buildConfigurations = (
				FB8B81DD2DD7A0CA00D9145C /* Debug */,
				FB8B81DE2DD7A0CA00D9145C /* Release */,
			);
			defaultConfigurationIsVisible = 0;
			defaultConfigurationName = Release;
		};
		FB8B81DF2DD7A0CA00D9145C /* Build configuration list for PBXNativeTarget "dog_ios" */ = {
			isa = XCConfigurationList;
			buildConfigurations = (
				FB8B81E02DD7A0CA00D9145C /* Debug */,
				FB8B81E12DD7A0CA00D9145C /* Release */,
			);
			defaultConfigurationIsVisible = 0;
			defaultConfigurationName = Release;
		};
/* End XCConfigurationList section */
	};
	rootObject = FB8B81C92DD7A0C900D9145C /* Project object */;
}
