// !$*UTF8*$!
{
	archiveVersion = 1;
	classes = {
	};
	objectVersion = 56;
	objects = {

/* Begin PBXBuildFile section */
		FB37E9E52DDB85E700EECFF9 /* controlador_aplicaciones.swift in Sources */ = {isa = PBXBuildFile; fileRef = FB37E9C42DDB85E700EECFF9 /* controlador_aplicaciones.swift */; };
		FB37E9E62DDB85E700EECFF9 /* controlador_app.swift in Sources */ = {isa = PBXBuildFile; fileRef = FB37E9C52DDB85E700EECFF9 /* controlador_app.swift */; };
		FB37E9E72DDB85E700EECFF9 /* controlador_publicacion.swift in Sources */ = {isa = PBXBuildFile; fileRef = FB37E9C62DDB85E700EECFF9 /* controlador_publicacion.swift */; };
		FB37E9E82DDB85E700EECFF9 /* ContentView.swift in Sources */ = {isa = PBXBuildFile; fileRef = FB37E9C82DDB85E700EECFF9 /* ContentView.swift */; };
		FB37E9E92DDB85E700EECFF9 /* pagina_resultados.swift in Sources */ = {isa = PBXBuildFile; fileRef = FB37E9C92DDB85E700EECFF9 /* pagina_resultados.swift */; };
		FB37E9EA2DDB85E700EECFF9 /* Perrito.swift in Sources */ = {isa = PBXBuildFile; fileRef = FB37E9CB2DDB85E700EECFF9 /* Perrito.swift */; };
		FB37E9ED2DDB85E700EECFF9 /* comentario.swift in Sources */ = {isa = PBXBuildFile; fileRef = FB37E9CF2DDB85E700EECFF9 /* comentario.swift */; };
		FB37E9EE2DDB85E700EECFF9 /* perfil.swift in Sources */ = {isa = PBXBuildFile; fileRef = FB37E9D02DDB85E700EECFF9 /* perfil.swift */; };
		FB37E9EF2DDB85E700EECFF9 /* Publicacion.swift in Sources */ = {isa = PBXBuildFile; fileRef = FB37E9D12DDB85E700EECFF9 /* Publicacion.swift */; };
		FB37E9F02DDB85E700EECFF9 /* Assets.xcassets in Resources */ = {isa = PBXBuildFile; fileRef = FB37E9D32DDB85E700EECFF9 /* Assets.xcassets */; };
		FB37E9F12DDB85E700EECFF9 /* RedesSocialesApp.swift in Sources */ = {isa = PBXBuildFile; fileRef = FB37E9D42DDB85E700EECFF9 /* RedesSocialesApp.swift */; };
		FB37E9F22DDB85E700EECFF9 /* Lista_perros.swift in Sources */ = {isa = PBXBuildFile; fileRef = FB37E9D52DDB85E700EECFF9 /* Lista_perros.swift */; };
		FB37E9F32DDB85E700EECFF9 /* menu_aplicacion.swift in Sources */ = {isa = PBXBuildFile; fileRef = FB37E9D72DDB85E700EECFF9 /* menu_aplicacion.swift */; };
		FB37E9F42DDB85E700EECFF9 /* perfil_vista_basica.swift in Sources */ = {isa = PBXBuildFile; fileRef = FB37E9D92DDB85E700EECFF9 /* perfil_vista_basica.swift */; };
		FB37E9F52DDB85E700EECFF9 /* publicacion.swift in Sources */ = {isa = PBXBuildFile; fileRef = FB37E9DB2DDB85E700EECFF9 /* publicacion.swift */; };
		FB37E9F62DDB85E700EECFF9 /* publicaciones_generales.swift in Sources */ = {isa = PBXBuildFile; fileRef = FB37E9DC2DDB85E700EECFF9 /* publicaciones_generales.swift */; };
		FB37E9F72DDB85E700EECFF9 /* DogAPI.swift in Sources */ = {isa = PBXBuildFile; fileRef = FB37E9DF2DDB85E700EECFF9 /* DogAPI.swift */; };
		FB37E9F82DDB85E700EECFF9 /* erroes.swift in Sources */ = {isa = PBXBuildFile; fileRef = FB37E9E02DDB85E700EECFF9 /* erroes.swift */; };
		FB37E9F92DDB85E700EECFF9 /* placeholder.swift in Sources */ = {isa = PBXBuildFile; fileRef = FB37E9E12DDB85E700EECFF9 /* placeholder.swift */; };
		FB37E9FA2DDB85E700EECFF9 /* Preview Assets.xcassets in Resources */ = {isa = PBXBuildFile; fileRef = FB37E9E32DDB85E700EECFF9 /* Preview Assets.xcassets */; };
		FB37E9FD2DDB92B900EECFF9 /* colores.swift in Sources */ = {isa = PBXBuildFile; fileRef = FB37E9FC2DDB92B900EECFF9 /* colores.swift */; };
		FBA75C142DE4BBD400F87A64 /* info_perros.swift in Sources */ = {isa = PBXBuildFile; fileRef = FBA75C132DE4BBD400F87A64 /* info_perros.swift */; };
		FBA9090B2DDE29C3002C19C2 /* slider dog.swift in Sources */ = {isa = PBXBuildFile; fileRef = FBA9090A2DDE29C3002C19C2 /* slider dog.swift */; };
/* End PBXBuildFile section */

/* Begin PBXFileReference section */
		FB37E9C32DDB85E700EECFF9 /* dog_ios-Bridging-Header.h */ = {isa = PBXFileReference; lastKnownFileType = sourcecode.c.h; path = "dog_ios-Bridging-Header.h"; sourceTree = "<group>"; };
		FB37E9C42DDB85E700EECFF9 /* controlador_aplicaciones.swift */ = {isa = PBXFileReference; fileEncoding = 4; lastKnownFileType = sourcecode.swift; path = controlador_aplicaciones.swift; sourceTree = "<group>"; };
		FB37E9C52DDB85E700EECFF9 /* controlador_app.swift */ = {isa = PBXFileReference; fileEncoding = 4; lastKnownFileType = sourcecode.swift; path = controlador_app.swift; sourceTree = "<group>"; };
		FB37E9C62DDB85E700EECFF9 /* controlador_publicacion.swift */ = {isa = PBXFileReference; fileEncoding = 4; lastKnownFileType = sourcecode.swift; path = controlador_publicacion.swift; sourceTree = "<group>"; };
		FB37E9C82DDB85E700EECFF9 /* ContentView.swift */ = {isa = PBXFileReference; fileEncoding = 4; lastKnownFileType = sourcecode.swift; path = ContentView.swift; sourceTree = "<group>"; };
		FB37E9C92DDB85E700EECFF9 /* pagina_resultados.swift */ = {isa = PBXFileReference; fileEncoding = 4; lastKnownFileType = sourcecode.swift; path = pagina_resultados.swift; sourceTree = "<group>"; };
		FB37E9CB2DDB85E700EECFF9 /* Perrito.swift */ = {isa = PBXFileReference; fileEncoding = 4; lastKnownFileType = sourcecode.swift; path = Perrito.swift; sourceTree = "<group>"; };
		FB37E9CF2DDB85E700EECFF9 /* comentario.swift */ = {isa = PBXFileReference; fileEncoding = 4; lastKnownFileType = sourcecode.swift; path = comentario.swift; sourceTree = "<group>"; };
		FB37E9D02DDB85E700EECFF9 /* perfil.swift */ = {isa = PBXFileReference; fileEncoding = 4; lastKnownFileType = sourcecode.swift; path = perfil.swift; sourceTree = "<group>"; };
		FB37E9D12DDB85E700EECFF9 /* Publicacion.swift */ = {isa = PBXFileReference; fileEncoding = 4; lastKnownFileType = sourcecode.swift; path = Publicacion.swift; sourceTree = "<group>"; };
		FB37E9D32DDB85E700EECFF9 /* Assets.xcassets */ = {isa = PBXFileReference; lastKnownFileType = folder.assetcatalog; path = Assets.xcassets; sourceTree = "<group>"; };
		FB37E9D42DDB85E700EECFF9 /* RedesSocialesApp.swift */ = {isa = PBXFileReference; fileEncoding = 4; lastKnownFileType = sourcecode.swift; path = RedesSocialesApp.swift; sourceTree = "<group>"; };
		FB37E9D52DDB85E700EECFF9 /* Lista_perros.swift */ = {isa = PBXFileReference; fileEncoding = 4; lastKnownFileType = sourcecode.swift; path = Lista_perros.swift; sourceTree = "<group>"; };
		FB37E9D72DDB85E700EECFF9 /* menu_aplicacion.swift */ = {isa = PBXFileReference; fileEncoding = 4; lastKnownFileType = sourcecode.swift; path = menu_aplicacion.swift; sourceTree = "<group>"; };
		FB37E9D92DDB85E700EECFF9 /* perfil_vista_basica.swift */ = {isa = PBXFileReference; fileEncoding = 4; lastKnownFileType = sourcecode.swift; path = perfil_vista_basica.swift; sourceTree = "<group>"; };
		FB37E9DB2DDB85E700EECFF9 /* publicacion.swift */ = {isa = PBXFileReference; fileEncoding = 4; lastKnownFileType = sourcecode.swift; path = publicacion.swift; sourceTree = "<group>"; };
		FB37E9DC2DDB85E700EECFF9 /* publicaciones_generales.swift */ = {isa = PBXFileReference; fileEncoding = 4; lastKnownFileType = sourcecode.swift; path = publicaciones_generales.swift; sourceTree = "<group>"; };
		FB37E9DF2DDB85E700EECFF9 /* DogAPI.swift */ = {isa = PBXFileReference; fileEncoding = 4; lastKnownFileType = sourcecode.swift; path = DogAPI.swift; sourceTree = "<group>"; };
		FB37E9E02DDB85E700EECFF9 /* erroes.swift */ = {isa = PBXFileReference; fileEncoding = 4; lastKnownFileType = sourcecode.swift; path = erroes.swift; sourceTree = "<group>"; };
		FB37E9E12DDB85E700EECFF9 /* placeholder.swift */ = {isa = PBXFileReference; fileEncoding = 4; lastKnownFileType = sourcecode.swift; path = placeholder.swift; sourceTree = "<group>"; };
		FB37E9E32DDB85E700EECFF9 /* Preview Assets.xcassets */ = {isa = PBXFileReference; lastKnownFileType = folder.assetcatalog; path = "Preview Assets.xcassets"; sourceTree = "<group>"; };
		FB37E9FC2DDB92B900EECFF9 /* colores.swift */ = {isa = PBXFileReference; lastKnownFileType = sourcecode.swift; path = colores.swift; sourceTree = "<group>"; };
		FB8B81D12DD7A0C900D9145C /* dog_ios.app */ = {isa = PBXFileReference; explicitFileType = wrapper.application; includeInIndex = 0; path = dog_ios.app; sourceTree = BUILT_PRODUCTS_DIR; };
		FBA75C132DE4BBD400F87A64 /* info_perros.swift */ = {isa = PBXFileReference; fileEncoding = 4; lastKnownFileType = sourcecode.swift; path = info_perros.swift; sourceTree = "<group>"; };
		FBA9090A2DDE29C3002C19C2 /* slider dog.swift */ = {isa = PBXFileReference; lastKnownFileType = sourcecode.swift; path = "slider dog.swift"; sourceTree = "<group>"; };
/* End PBXFileReference section */

/* Begin PBXFrameworksBuildPhase section */
		FB8B81CE2DD7A0C900D9145C /* Frameworks */ = {
			isa = PBXFrameworksBuildPhase;
			buildActionMask = 2147483647;
			files = (
			);
			runOnlyForDeploymentPostprocessing = 0;
		};
/* End PBXFrameworksBuildPhase section */

/* Begin PBXGroup section */
		FB37E9C72DDB85E700EECFF9 /* controladores */ = {
			isa = PBXGroup;
			children = (
				FB37E9C42DDB85E700EECFF9 /* controlador_aplicaciones.swift */,
				FB37E9C52DDB85E700EECFF9 /* controlador_app.swift */,
				FB37E9C62DDB85E700EECFF9 /* controlador_publicacion.swift */,
			);
			path = controladores;
			sourceTree = "<group>";
		};
		FB37E9CA2DDB85E700EECFF9 /* soporte */ = {
			isa = PBXGroup;
			children = (
				FB37E9C92DDB85E700EECFF9 /* pagina_resultados.swift */,
			);
			path = soporte;
			sourceTree = "<group>";
		};
		FB37E9CE2DDB85E700EECFF9 /* dragon_ball */ = {
			isa = PBXGroup;
			children = (
				FB37E9CA2DDB85E700EECFF9 /* soporte */,
				FB37E9CB2DDB85E700EECFF9 /* Perrito.swift */,
			);
			path = dragon_ball;
			sourceTree = "<group>";
		};
		FB37E9D22DDB85E700EECFF9 /* modelos */ = {
			isa = PBXGroup;
			children = (
				FB37E9CE2DDB85E700EECFF9 /* dragon_ball */,
				FB37E9CF2DDB85E700EECFF9 /* comentario.swift */,
				FB37E9D02DDB85E700EECFF9 /* perfil.swift */,
				FB37E9D12DDB85E700EECFF9 /* Publicacion.swift */,
			);
			path = modelos;
			sourceTree = "<group>";
		};
		FB37E9D62DDB85E700EECFF9 /* perros */ = {
			isa = PBXGroup;
			children = (
				FB37E9D52DDB85E700EECFF9 /* Lista_perros.swift */,
				FBA75C132DE4BBD400F87A64 /* info_perros.swift */,
			);
			path = perros;
			sourceTree = "<group>";
		};
		FB37E9D82DDB85E700EECFF9 /* menu_inicial */ = {
			isa = PBXGroup;
			children = (
				FB37E9D72DDB85E700EECFF9 /* menu_aplicacion.swift */,
			);
			path = menu_inicial;
			sourceTree = "<group>";
		};
		FB37E9DA2DDB85E700EECFF9 /* perfil_basico */ = {
			isa = PBXGroup;
			children = (
				FB37E9D92DDB85E700EECFF9 /* perfil_vista_basica.swift */,
			);
			path = perfil_basico;
			sourceTree = "<group>";
		};
		FB37E9DD2DDB85E700EECFF9 /* publicacion */ = {
			isa = PBXGroup;
			children = (
				FB37E9DB2DDB85E700EECFF9 /* publicacion.swift */,
				FB37E9DC2DDB85E700EECFF9 /* publicaciones_generales.swift */,
				FBA9090A2DDE29C3002C19C2 /* slider dog.swift */,
			);
			path = publicacion;
			sourceTree = "<group>";
		};
		FB37E9DE2DDB85E700EECFF9 /* ui */ = {
			isa = PBXGroup;
			children = (
				FB37E9D62DDB85E700EECFF9 /* perros */,
				FB37E9D82DDB85E700EECFF9 /* menu_inicial */,
				FB37E9DA2DDB85E700EECFF9 /* perfil_basico */,
				FB37E9DD2DDB85E700EECFF9 /* publicacion */,
			);
			path = ui;
			sourceTree = "<group>";
		};
		FB37E9E22DDB85E700EECFF9 /* servicios_api */ = {
			isa = PBXGroup;
			children = (
				FB37E9DF2DDB85E700EECFF9 /* DogAPI.swift */,
				FB37E9E02DDB85E700EECFF9 /* erroes.swift */,
				FB37E9E12DDB85E700EECFF9 /* placeholder.swift */,
			);
			name = servicios_api;
			path = ../../../ios2.0/bocetos_IOS/bocetos_IOS/servicios_api;
			sourceTree = "<group>";
		};
		FB37E9E42DDB85E700EECFF9 /* Preview Content */ = {
			isa = PBXGroup;
			children = (
				FB37E9E32DDB85E700EECFF9 /* Preview Assets.xcassets */,
			);
			name = "Preview Content";
			path = "../../../ios2.0/bocetos_IOS/bocetos_IOS/Preview Content";
			sourceTree = "<group>";
		};
		FB37E9FB2DDB92AA00EECFF9 /* recursos */ = {
			isa = PBXGroup;
			children = (
				FB37E9FC2DDB92B900EECFF9 /* colores.swift */,
			);
			path = recursos;
			sourceTree = "<group>";
		};
		FB8B81C82DD7A0C900D9145C = {
			isa = PBXGroup;
			children = (
				FB8B81D32DD7A0C900D9145C /* dog_ios */,
				FB8B81D22DD7A0C900D9145C /* Products */,
			);
			sourceTree = "<group>";
		};
		FB8B81D22DD7A0C900D9145C /* Products */ = {
			isa = PBXGroup;
			children = (
				FB8B81D12DD7A0C900D9145C /* dog_ios.app */,
			);
			name = Products;
			sourceTree = "<group>";
		};
		FB8B81D32DD7A0C900D9145C /* dog_ios */ = {
			isa = PBXGroup;
			children = (
				FB37E9FB2DDB92AA00EECFF9 /* recursos */,
				FB37E9D32DDB85E700EECFF9 /* Assets.xcassets */,
				FB37E9C82DDB85E700EECFF9 /* ContentView.swift */,
				FB37E9C72DDB85E700EECFF9 /* controladores */,
				FB37E9D22DDB85E700EECFF9 /* modelos */,
				FB37E9E42DDB85E700EECFF9 /* Preview Content */,
				FB37E9D42DDB85E700EECFF9 /* RedesSocialesApp.swift */,
				FB37E9E22DDB85E700EECFF9 /* servicios_api */,
				FB37E9DE2DDB85E700EECFF9 /* ui */,
				FB37E9C32DDB85E700EECFF9 /* dog_ios-Bridging-Header.h */,
			);
			path = dog_ios;
			sourceTree = "<group>";
		};
/* End PBXGroup section */

/* Begin PBXNativeTarget section */
		FB8B81D02DD7A0C900D9145C /* dog_ios */ = {
			isa = PBXNativeTarget;
			buildConfigurationList = FB8B81DF2DD7A0CA00D9145C /* Build configuration list for PBXNativeTarget "dog_ios" */;
			buildPhases = (
				FB8B81CD2DD7A0C900D9145C /* Sources */,
				FB8B81CE2DD7A0C900D9145C /* Frameworks */,
				FB8B81CF2DD7A0C900D9145C /* Resources */,
			);
			buildRules = (
			);
			dependencies = (
			);
			name = dog_ios;
			productName = dog_ios;
			productReference = FB8B81D12DD7A0C900D9145C /* dog_ios.app */;
			productType = "com.apple.product-type.application";
		};
/* End PBXNativeTarget section */

/* Begin PBXProject section */
		FB8B81C92DD7A0C900D9145C /* Project object */ = {
			isa = PBXProject;
			attributes = {
				BuildIndependentTargetsInParallel = 1;
				LastSwiftUpdateCheck = 1540;
				LastUpgradeCheck = 1540;
				TargetAttributes = {
					FB8B81D02DD7A0C900D9145C = {
						CreatedOnToolsVersion = 15.4;
						LastSwiftMigration = 1540;
					};
				};
			};
			buildConfigurationList = FB8B81CC2DD7A0C900D9145C /* Build configuration list for PBXProject "dog_ios" */;
			compatibilityVersion = "Xcode 14.0";
			developmentRegion = en;
			hasScannedForEncodings = 0;
			knownRegions = (
				en,
				Base,
			);
			mainGroup = FB8B81C82DD7A0C900D9145C;
			productRefGroup = FB8B81D22DD7A0C900D9145C /* Products */;
			projectDirPath = "";
			projectRoot = "";
			targets = (
				FB8B81D02DD7A0C900D9145C /* dog_ios */,
			);
		};
/* End PBXProject section */

/* Begin PBXResourcesBuildPhase section */
		FB8B81CF2DD7A0C900D9145C /* Resources */ = {
			isa = PBXResourcesBuildPhase;
			buildActionMask = 2147483647;
			files = (
				FB37E9FA2DDB85E700EECFF9 /* Preview Assets.xcassets in Resources */,
				FB37E9F02DDB85E700EECFF9 /* Assets.xcassets in Resources */,
			);
			runOnlyForDeploymentPostprocessing = 0;
		};
/* End PBXResourcesBuildPhase section */

/* Begin PBXSourcesBuildPhase section */
		FB8B81CD2DD7A0C900D9145C /* Sources */ = {
			isa = PBXSourcesBuildPhase;
			buildActionMask = 2147483647;
			files = (
				FB37E9F22DDB85E700EECFF9 /* Lista_perros.swift in Sources */,
				FB37E9F12DDB85E700EECFF9 /* RedesSocialesApp.swift in Sources */,
				FB37E9EF2DDB85E700EECFF9 /* Publicacion.swift in Sources */,
				FB37E9F32DDB85E700EECFF9 /* menu_aplicacion.swift in Sources */,
				FB37E9E92DDB85E700EECFF9 /* pagina_resultados.swift in Sources */,
				FB37E9F52DDB85E700EECFF9 /* publicacion.swift in Sources */,
				FB37E9EE2DDB85E700EECFF9 /* perfil.swift in Sources */,
				FB37E9E72DDB85E700EECFF9 /* controlador_publicacion.swift in Sources */,
				FB37E9E52DDB85E700EECFF9 /* controlador_aplicaciones.swift in Sources */,
				FB37E9F42DDB85E700EECFF9 /* perfil_vista_basica.swift in Sources */,
				FB37E9E82DDB85E700EECFF9 /* ContentView.swift in Sources */,
				FB37E9F92DDB85E700EECFF9 /* placeholder.swift in Sources */,
				FB37E9EA2DDB85E700EECFF9 /* Perrito.swift in Sources */,
				FBA9090B2DDE29C3002C19C2 /* slider dog.swift in Sources */,
				FB37E9FD2DDB92B900EECFF9 /* colores.swift in Sources */,
				FBA75C142DE4BBD400F87A64 /* info_perros.swift in Sources */,
				FB37E9ED2DDB85E700EECFF9 /* comentario.swift in Sources */,
				FB37E9F62DDB85E700EECFF9 /* publicaciones_generales.swift in Sources */,
				FB37E9F82DDB85E700EECFF9 /* erroes.swift in Sources */,
				FB37E9F72DDB85E700EECFF9 /* DogAPI.swift in Sources */,
				FB37E9E62DDB85E700EECFF9 /* controlador_app.swift in Sources */,
			);
			runOnlyForDeploymentPostprocessing = 0;
		};
/* End PBXSourcesBuildPhase section */

/* Begin XCBuildConfiguration section */
		FB8B81DD2DD7A0CA00D9145C /* Debug */ = {
			isa = XCBuildConfiguration;
			buildSettings = {
				ALWAYS_SEARCH_USER_PATHS = NO;
				ASSETCATALOG_COMPILER_GENERATE_SWIFT_ASSET_SYMBOL_EXTENSIONS = YES;
				CLANG_ANALYZER_NONNULL = YES;
				CLANG_ANALYZER_NUMBER_OBJECT_CONVERSION = YES_AGGRESSIVE;
				CLANG_CXX_LANGUAGE_STANDARD = "gnu++20";
				CLANG_ENABLE_MODULES = YES;
				CLANG_ENABLE_OBJC_ARC = YES;
				CLANG_ENABLE_OBJC_WEAK = YES;
				CLANG_WARN_BLOCK_CAPTURE_AUTORELEASING = YES;
				CLANG_WARN_BOOL_CONVERSION = YES;
				CLANG_WARN_COMMA = YES;
				CLANG_WARN_CONSTANT_CONVERSION = YES;
				CLANG_WARN_DEPRECATED_OBJC_IMPLEMENTATIONS = YES;
				CLANG_WARN_DIRECT_OBJC_ISA_USAGE = YES_ERROR;
				CLANG_WARN_DOCUMENTATION_COMMENTS = YES;
				CLANG_WARN_EMPTY_BODY = YES;
				CLANG_WARN_ENUM_CONVERSION = YES;
				CLANG_WARN_INFINITE_RECURSION = YES;
				CLANG_WARN_INT_CONVERSION = YES;
				CLANG_WARN_NON_LITERAL_NULL_CONVERSION = YES;
				CLANG_WARN_OBJC_IMPLICIT_RETAIN_SELF = YES;
				CLANG_WARN_OBJC_LITERAL_CONVERSION = YES;
				CLANG_WARN_OBJC_ROOT_CLASS = YES_ERROR;
				CLANG_WARN_QUOTED_INCLUDE_IN_FRAMEWORK_HEADER = YES;
				CLANG_WARN_RANGE_LOOP_ANALYSIS = YES;
				CLANG_WARN_STRICT_PROTOTYPES = YES;
				CLANG_WARN_SUSPICIOUS_MOVE = YES;
				CLANG_WARN_UNGUARDED_AVAILABILITY = YES_AGGRESSIVE;
				CLANG_WARN_UNREACHABLE_CODE = YES;
				CLANG_WARN__DUPLICATE_METHOD_MATCH = YES;
				COPY_PHASE_STRIP = NO;
				DEBUG_INFORMATION_FORMAT = dwarf;
				ENABLE_STRICT_OBJC_MSGSEND = YES;
				ENABLE_TESTABILITY = YES;
				ENABLE_USER_SCRIPT_SANDBOXING = YES;
				GCC_C_LANGUAGE_STANDARD = gnu17;
				GCC_DYNAMIC_NO_PIC = NO;
				GCC_NO_COMMON_BLOCKS = YES;
				GCC_OPTIMIZATION_LEVEL = 0;
				GCC_PREPROCESSOR_DEFINITIONS = (
					"DEBUG=1",
					"$(inherited)",
				);
				GCC_WARN_64_TO_32_BIT_CONVERSION = YES;
				GCC_WARN_ABOUT_RETURN_TYPE = YES_ERROR;
				GCC_WARN_UNDECLARED_SELECTOR = YES;
				GCC_WARN_UNINITIALIZED_AUTOS = YES_AGGRESSIVE;
				GCC_WARN_UNUSED_FUNCTION = YES;
				GCC_WARN_UNUSED_VARIABLE = YES;
				IPHONEOS_DEPLOYMENT_TARGET = 17.5;
				LOCALIZATION_PREFERS_STRING_CATALOGS = YES;
				MTL_ENABLE_DEBUG_INFO = INCLUDE_SOURCE;
				MTL_FAST_MATH = YES;
				ONLY_ACTIVE_ARCH = YES;
				SDKROOT = iphoneos;
				SWIFT_ACTIVE_COMPILATION_CONDITIONS = "DEBUG $(inherited)";
				SWIFT_OPTIMIZATION_LEVEL = "-Onone";
			};
			name = Debug;
		};
		FB8B81DE2DD7A0CA00D9145C /* Release */ = {
			isa = XCBuildConfiguration;
			buildSettings = {
				ALWAYS_SEARCH_USER_PATHS = NO;
				ASSETCATALOG_COMPILER_GENERATE_SWIFT_ASSET_SYMBOL_EXTENSIONS = YES;
				CLANG_ANALYZER_NONNULL = YES;
				CLANG_ANALYZER_NUMBER_OBJECT_CONVERSION = YES_AGGRESSIVE;
				CLANG_CXX_LANGUAGE_STANDARD = "gnu++20";
				CLANG_ENABLE_MODULES = YES;
				CLANG_ENABLE_OBJC_ARC = YES;
				CLANG_ENABLE_OBJC_WEAK = YES;
				CLANG_WARN_BLOCK_CAPTURE_AUTORELEASING = YES;
				CLANG_WARN_BOOL_CONVERSION = YES;
				CLANG_WARN_COMMA = YES;
				CLANG_WARN_CONSTANT_CONVERSION = YES;
				CLANG_WARN_DEPRECATED_OBJC_IMPLEMENTATIONS = YES;
				CLANG_WARN_DIRECT_OBJC_ISA_USAGE = YES_ERROR;
				CLANG_WARN_DOCUMENTATION_COMMENTS = YES;
				CLANG_WARN_EMPTY_BODY = YES;
				CLANG_WARN_ENUM_CONVERSION = YES;
				CLANG_WARN_INFINITE_RECURSION = YES;
				CLANG_WARN_INT_CONVERSION = YES;
				CLANG_WARN_NON_LITERAL_NULL_CONVERSION = YES;
				CLANG_WARN_OBJC_IMPLICIT_RETAIN_SELF = YES;
				CLANG_WARN_OBJC_LITERAL_CONVERSION = YES;
				CLANG_WARN_OBJC_ROOT_CLASS = YES_ERROR;
				CLANG_WARN_QUOTED_INCLUDE_IN_FRAMEWORK_HEADER = YES;
				CLANG_WARN_RANGE_LOOP_ANALYSIS = YES;
				CLANG_WARN_STRICT_PROTOTYPES = YES;
				CLANG_WARN_SUSPICIOUS_MOVE = YES;
				CLANG_WARN_UNGUARDED_AVAILABILITY = YES_AGGRESSIVE;
				CLANG_WARN_UNREACHABLE_CODE = YES;
				CLANG_WARN__DUPLICATE_METHOD_MATCH = YES;
				COPY_PHASE_STRIP = NO;
				DEBUG_INFORMATION_FORMAT = "dwarf-with-dsym";
				ENABLE_NS_ASSERTIONS = NO;
				ENABLE_STRICT_OBJC_MSGSEND = YES;
				ENABLE_USER_SCRIPT_SANDBOXING = YES;
				GCC_C_LANGUAGE_STANDARD = gnu17;
				GCC_NO_COMMON_BLOCKS = YES;
				GCC_WARN_64_TO_32_BIT_CONVERSION = YES;
				GCC_WARN_ABOUT_RETURN_TYPE = YES_ERROR;
				GCC_WARN_UNDECLARED_SELECTOR = YES;
				GCC_WARN_UNINITIALIZED_AUTOS = YES_AGGRESSIVE;
				GCC_WARN_UNUSED_FUNCTION = YES;
				GCC_WARN_UNUSED_VARIABLE = YES;
				IPHONEOS_DEPLOYMENT_TARGET = 17.5;
				LOCALIZATION_PREFERS_STRING_CATALOGS = YES;
				MTL_ENABLE_DEBUG_INFO = NO;
				MTL_FAST_MATH = YES;
				SDKROOT = iphoneos;
				SWIFT_COMPILATION_MODE = wholemodule;
				VALIDATE_PRODUCT = YES;
			};
			name = Release;
		};
		FB8B81E02DD7A0CA00D9145C /* Debug */ = {
			isa = XCBuildConfiguration;
			buildSettings = {
				ASSETCATALOG_COMPILER_APPICON_NAME = AppIcon;
				ASSETCATALOG_COMPILER_GLOBAL_ACCENT_COLOR_NAME = AccentColor;
				CLANG_ENABLE_MODULES = YES;
				CODE_SIGN_STYLE = Automatic;
				CURRENT_PROJECT_VERSION = 1;
				DEVELOPMENT_ASSET_PATHS = "\"dog_ios/Preview Content\"";
				ENABLE_PREVIEWS = YES;
				GENERATE_INFOPLIST_FILE = YES;
				INFOPLIST_KEY_UIApplicationSceneManifest_Generation = YES;
				INFOPLIST_KEY_UIApplicationSupportsIndirectInputEvents = YES;
				INFOPLIST_KEY_UILaunchScreen_Generation = YES;
				INFOPLIST_KEY_UISupportedInterfaceOrientations_iPad = "UIInterfaceOrientationPortrait UIInterfaceOrientationPortraitUpsideDown UIInterfaceOrientationLandscapeLeft UIInterfaceOrientationLandscapeRight";
				INFOPLIST_KEY_UISupportedInterfaceOrientations_iPhone = "UIInterfaceOrientationPortrait UIInterfaceOrientationLandscapeLeft UIInterfaceOrientationLandscapeRight";
				LD_RUNPATH_SEARCH_PATHS = (
					"$(inherited)",
					"@executable_path/Frameworks",
				);
				MARKETING_VERSION = 1.0;
				PRODUCT_BUNDLE_IDENTIFIER = "mx.alumnos.uacj.dog-ios";
				PRODUCT_NAME = "$(TARGET_NAME)";
				SWIFT_EMIT_LOC_STRINGS = YES;
				SWIFT_OBJC_BRIDGING_HEADER = "dog_ios/dog_ios-Bridging-Header.h";
				SWIFT_OPTIMIZATION_LEVEL = "-Onone";
				SWIFT_VERSION = 5.0;
				TARGETED_DEVICE_FAMILY = "1,2";
			};
			name = Debug;
		};
		FB8B81E12DD7A0CA00D9145C /* Release */ = {
			isa = XCBuildConfiguration;
			buildSettings = {
				ASSETCATALOG_COMPILER_APPICON_NAME = AppIcon;
				ASSETCATALOG_COMPILER_GLOBAL_ACCENT_COLOR_NAME = AccentColor;
				CLANG_ENABLE_MODULES = YES;
				CODE_SIGN_STYLE = Automatic;
				CURRENT_PROJECT_VERSION = 1;
				DEVELOPMENT_ASSET_PATHS = "\"dog_ios/Preview Content\"";
				ENABLE_PREVIEWS = YES;
				GENERATE_INFOPLIST_FILE = YES;
				INFOPLIST_KEY_UIApplicationSceneManifest_Generation = YES;
				INFOPLIST_KEY_UIApplicationSupportsIndirectInputEvents = YES;
				INFOPLIST_KEY_UILaunchScreen_Generation = YES;
				INFOPLIST_KEY_UISupportedInterfaceOrientations_iPad = "UIInterfaceOrientationPortrait UIInterfaceOrientationPortraitUpsideDown UIInterfaceOrientationLandscapeLeft UIInterfaceOrientationLandscapeRight";
				INFOPLIST_KEY_UISupportedInterfaceOrientations_iPhone = "UIInterfaceOrientationPortrait UIInterfaceOrientationLandscapeLeft UIInterfaceOrientationLandscapeRight";
				LD_RUNPATH_SEARCH_PATHS = (
					"$(inherited)",
					"@executable_path/Frameworks",
				);
				MARKETING_VERSION = 1.0;
				PRODUCT_BUNDLE_IDENTIFIER = "mx.alumnos.uacj.dog-ios";
				PRODUCT_NAME = "$(TARGET_NAME)";
				SWIFT_EMIT_LOC_STRINGS = YES;
				SWIFT_OBJC_BRIDGING_HEADER = "dog_ios/dog_ios-Bridging-Header.h";
				SWIFT_VERSION = 5.0;
				TARGETED_DEVICE_FAMILY = "1,2";
			};
			name = Release;
		};
/* End XCBuildConfiguration section */

/* Begin XCConfigurationList section */
		FB8B81CC2DD7A0C900D9145C /* Build configuration list for PBXProject "dog_ios" */ = {
			isa = XCConfigurationList;
			buildConfigurations = (
				FB8B81DD2DD7A0CA00D9145C /* Debug */,
				FB8B81DE2DD7A0CA00D9145C /* Release */,
			);
			defaultConfigurationIsVisible = 0;
			defaultConfigurationName = Release;
		};
		FB8B81DF2DD7A0CA00D9145C /* Build configuration list for PBXNativeTarget "dog_ios" */ = {
			isa = XCConfigurationList;
			buildConfigurations = (
				FB8B81E02DD7A0CA00D9145C /* Debug */,
				FB8B81E12DD7A0CA00D9145C /* Release */,
			);
			defaultConfigurationIsVisible = 0;
			defaultConfigurationName = Release;
		};
/* End XCConfigurationList section */
	};
	rootObject = FB8B81C92DD7A0C900D9145C /* Project object */;
}
